PODS:
  - SNAVPlayerSubtitles (1.0.2)

DEPENDENCIES:
  - SNAVPlayerSubtitles (from `../`)

EXTERNAL SOURCES:
  SNAVPlayerSubtitles:
    :path: "../"

SPEC CHECKSUMS:
  SNAVPlayerSubtitles: a4d8490a4b7423bc538e1cec1e1500de36dd3d84

PODFILE CHECKSUM: 641e43f6db03945ee11d062de304b59fb321b034

COCOAPODS: 1.10.1
